
Microsoft Visual Studio Solution File, Format Version 12.00
# Visual Studio 15
Project("{FAE04EC0-301F-11D3-BF4B-00C04F79EFBC}") = "MySite.Api", "MySite.Api\MySite.Api.csproj", "{1D5535B7-A065-464A-ACB3-44AB9A7A298F}"
EndProject
Project("{FAE04EC0-301F-11D3-BF4B-00C04F79EFBC}") = "MySite.Client", "MySite.Client\MySite.Client.csproj", "{666E4559-8BA5-4392-888A-47BB0BA961E2}"
EndProject
Global
	GlobalSection(SolutionConfigurationPlatforms) = preSolution
		Debug|Any CPU = Debug|Any CPU
		Release|Any CPU = Release|Any CPU
		Default|Any CPU = Default|Any CPU
	EndGlobalSection
	GlobalSection(ProjectConfigurationPlatforms) = postSolution
		{1D5535B7-A065-464A-ACB3-44AB9A7A298F}.Debug|Any CPU.ActiveCfg = Debug|Any CPU
		{1D5535B7-A065-464A-ACB3-44AB9A7A298F}.Debug|Any CPU.Build.0 = Debug|Any CPU
		{1D5535B7-A065-464A-ACB3-44AB9A7A298F}.Release|Any CPU.ActiveCfg = Release|Any CPU
		{1D5535B7-A065-464A-ACB3-44AB9A7A298F}.Release|Any CPU.Build.0 = Release|Any CPU
		{1D5535B7-A065-464A-ACB3-44AB9A7A298F}.Default|Any CPU.ActiveCfg = Debug|Any CPU
		{1D5535B7-A065-464A-ACB3-44AB9A7A298F}.Default|Any CPU.Build.0 = Debug|Any CPU
		{666E4559-8BA5-4392-888A-47BB0BA961E2}.Debug|Any CPU.ActiveCfg = Debug|Any CPU
		{666E4559-8BA5-4392-888A-47BB0BA961E2}.Debug|Any CPU.Build.0 = Debug|Any CPU
		{666E4559-8BA5-4392-888A-47BB0BA961E2}.Release|Any CPU.ActiveCfg = Release|Any CPU
		{666E4559-8BA5-4392-888A-47BB0BA961E2}.Release|Any CPU.Build.0 = Release|Any CPU
		{666E4559-8BA5-4392-888A-47BB0BA961E2}.Default|Any CPU.ActiveCfg = Debug|Any CPU
		{666E4559-8BA5-4392-888A-47BB0BA961E2}.Default|Any CPU.Build.0 = Debug|Any CPU
	EndGlobalSection
	GlobalSection(MonoDevelopProperties) = preSolution
		Policies = $0
		$0.DotNetNamingPolicy = $1
		$1.DirectoryNamespaceAssociation = PrefixedHierarchical
		$0.StandardHeader = $2
		$0.VersionControlPolicy = $3
		$3.CommitMessageStyle = $4
		$4.Indent = @\t
	EndGlobalSection
EndGlobal
